
Microsoft Visual Studio Solution File, Format Version 12.00
# Visual Studio Version 16
VisualStudioVersion = 16.0.31321.278
MinimumVisualStudioVersion = 10.0.40219.1
Project("{FAE04EC0-301F-11D3-BF4B-00C04F79EFBC}") = "RayTracing", "RayTracing\RayTracing.csproj", "{610B79E9-9A76-441D-9F93-55D2E20159EE}"
EndProject
Global
	GlobalSection(SolutionConfigurationPlatforms) = preSolution
		Debug|Any CPU = Debug|Any CPU
		Release|Any CPU = Release|Any CPU
	EndGlobalSection
	GlobalSection(ProjectConfigurationPlatforms) = postSolution
		{610B79E9-9A76-441D-9F93-55D2E20159EE}.Debug|Any CPU.ActiveCfg = Debug|Any CPU
		{610B79E9-9A76-441D-9F93-55D2E20159EE}.Debug|Any CPU.Build.0 = Debug|Any CPU
		{610B79E9-9A76-441D-9F93-55D2E20159EE}.Release|Any CPU.ActiveCfg = Release|Any CPU
		{610B79E9-9A76-441D-9F93-55D2E20159EE}.Release|Any CPU.Build.0 = Release|Any CPU
	EndGlobalSection
	GlobalSection(SolutionProperties) = preSolution
		HideSolutionNode = FALSE
	EndGlobalSection
	GlobalSection(ExtensibilityGlobals) = postSolution
		SolutionGuid = {83057222-9BA3-40F3-9106-357B18AFDE0D}
	EndGlobalSection
EndGlobal
